<Solution>
  <Folder Name="/src/">
    <Project Path="src/VillaReserve.Api.csproj" />
  </Folder>
  <Folder Name="/tests/" />
  <Folder Name="/tests/Integration/">
    <Project Path="tests/Integration/VillaReserve.Integration.Tests.csproj" />
  </Folder>
  <Folder Name="/tests/Unit/">
    <Project Path="tests/Unit/VillaReserve.Unit.Tests.csproj" />
  </Folder>
</Solution>
